
Microsoft Visual Studio Solution File, Format Version 12.00
# Visual Studio Version 16
VisualStudioVersion = 16.0.30611.23
MinimumVisualStudioVersion = 10.0.40219.1
Project("{FAE04EC0-301F-11D3-BF4B-00C04F79EFBC}") = "TestWebs", "TestWebs.csproj", "{AD2B9CCC-CA57-4739-9236-18C94DCF4AF0}"
EndProject
Global
	GlobalSection(SolutionConfigurationPlatforms) = preSolution
		Debug|Any CPU = Debug|Any CPU
		Release|Any CPU = Release|Any CPU
	EndGlobalSection
	GlobalSection(ProjectConfigurationPlatforms) = postSolution
		{AD2B9CCC-CA57-4739-9236-18C94DCF4AF0}.Debug|Any CPU.ActiveCfg = Debug|Any CPU
		{AD2B9CCC-CA57-4739-9236-18C94DCF4AF0}.Debug|Any CPU.Build.0 = Debug|Any CPU
		{AD2B9CCC-CA57-4739-9236-18C94DCF4AF0}.Release|Any CPU.ActiveCfg = Release|Any CPU
		{AD2B9CCC-CA57-4739-9236-18C94DCF4AF0}.Release|Any CPU.Build.0 = Release|Any CPU
	EndGlobalSection
	GlobalSection(SolutionProperties) = preSolution
		HideSolutionNode = FALSE
	EndGlobalSection
	GlobalSection(ExtensibilityGlobals) = postSolution
		SolutionGuid = {098960CE-38A7-4351-8548-952A57CD140C}
	EndGlobalSection
EndGlobal
